// !$*UTF8*$!
{
	archiveVersion = 1;
	classes = {
	};
	objectVersion = 55;
	objects = {

/* Begin PBXBuildFile section */
		E915228B28A29AE70069548B /* Kingfisher in Frameworks */ = {isa = PBXBuildFile; productRef = E915228A28A29AE70069548B /* Kingfisher */; };
		E915229328A29E360069548B /* ProductDetails+CoreDataClass.swift in Sources */ = {isa = PBXBuildFile; fileRef = E915229128A29E360069548B /* ProductDetails+CoreDataClass.swift */; };
		E915229428A29E360069548B /* ProductDetails+CoreDataProperties.swift in Sources */ = {isa = PBXBuildFile; fileRef = E915229228A29E360069548B /* ProductDetails+CoreDataProperties.swift */; };
		E915229628A29E7C0069548B /* DatabaseHelper.swift in Sources */ = {isa = PBXBuildFile; fileRef = E915229528A29E7C0069548B /* DatabaseHelper.swift */; };
		E939FA3728AB6F3700DF5908 /* ResponseHandler+Extension.swift in Sources */ = {isa = PBXBuildFile; fileRef = E939FA3128AB6F3700DF5908 /* ResponseHandler+Extension.swift */; };
		E939FA3828AB6F3700DF5908 /* APIEnvironment.swift in Sources */ = {isa = PBXBuildFile; fileRef = E939FA3228AB6F3700DF5908 /* APIEnvironment.swift */; };
		E939FA3928AB6F3700DF5908 /* APILoader.swift in Sources */ = {isa = PBXBuildFile; fileRef = E939FA3328AB6F3700DF5908 /* APILoader.swift */; };
		E939FA3A28AB6F3700DF5908 /* RequestHandler+Extension.swift in Sources */ = {isa = PBXBuildFile; fileRef = E939FA3428AB6F3700DF5908 /* RequestHandler+Extension.swift */; };
		E939FA3B28AB6F3700DF5908 /* APIHandler.swift in Sources */ = {isa = PBXBuildFile; fileRef = E939FA3528AB6F3700DF5908 /* APIHandler.swift */; };
		E939FA3C28AB6F3700DF5908 /* APIPath.swift in Sources */ = {isa = PBXBuildFile; fileRef = E939FA3628AB6F3700DF5908 /* APIPath.swift */; };
		E939FA4028AB9DCB00DF5908 /* ProductListApi.swift in Sources */ = {isa = PBXBuildFile; fileRef = E939FA3F28AB9DCB00DF5908 /* ProductListApi.swift */; };
		E939FA4228AB9E0100DF5908 /* ProductDetailsApi.swift in Sources */ = {isa = PBXBuildFile; fileRef = E939FA4128AB9E0100DF5908 /* ProductDetailsApi.swift */; };
		E9836F6728A23588008C8405 /* AppDelegate.swift in Sources */ = {isa = PBXBuildFile; fileRef = E9836F6628A23588008C8405 /* AppDelegate.swift */; };
		E9836F6928A23588008C8405 /* SceneDelegate.swift in Sources */ = {isa = PBXBuildFile; fileRef = E9836F6828A23588008C8405 /* SceneDelegate.swift */; };
		E9836F6E28A23588008C8405 /* Main.storyboard in Resources */ = {isa = PBXBuildFile; fileRef = E9836F6C28A23588008C8405 /* Main.storyboard */; };
		E9836F7128A23588008C8405 /* Assignment.xcdatamodeld in Sources */ = {isa = PBXBuildFile; fileRef = E9836F6F28A23588008C8405 /* Assignment.xcdatamodeld */; };
		E9836F7328A2358A008C8405 /* Assets.xcassets in Resources */ = {isa = PBXBuildFile; fileRef = E9836F7228A2358A008C8405 /* Assets.xcassets */; };
		E9836F7628A2358A008C8405 /* LaunchScreen.storyboard in Resources */ = {isa = PBXBuildFile; fileRef = E9836F7428A2358A008C8405 /* LaunchScreen.storyboard */; };
		E9836F8628A236B6008C8405 /* Constant.swift in Sources */ = {isa = PBXBuildFile; fileRef = E9836F8528A236B6008C8405 /* Constant.swift */; };
		E9836F8C28A23705008C8405 /* DataProduct.swift in Sources */ = {isa = PBXBuildFile; fileRef = E9836F8728A23704008C8405 /* DataProduct.swift */; };
		E9836F8D28A23705008C8405 /* DataProductDetailsModel.swift in Sources */ = {isa = PBXBuildFile; fileRef = E9836F8828A23704008C8405 /* DataProductDetailsModel.swift */; };
		E9836F8E28A23705008C8405 /* ProductListNew.swift in Sources */ = {isa = PBXBuildFile; fileRef = E9836F8928A23704008C8405 /* ProductListNew.swift */; };
		E9836F8F28A23705008C8405 /* ProductDetailsModel.swift in Sources */ = {isa = PBXBuildFile; fileRef = E9836F8A28A23704008C8405 /* ProductDetailsModel.swift */; };
		E9836F9028A23705008C8405 /* Product_images.swift in Sources */ = {isa = PBXBuildFile; fileRef = E9836F8B28A23704008C8405 /* Product_images.swift */; };
		E9836F9228A23755008C8405 /* ProductListViewModel.swift in Sources */ = {isa = PBXBuildFile; fileRef = E9836F9128A23755008C8405 /* ProductListViewModel.swift */; };
		E9836F9828A25239008C8405 /* ProductListController.swift in Sources */ = {isa = PBXBuildFile; fileRef = E9836F9728A25239008C8405 /* ProductListController.swift */; };
		E9836F9A28A25343008C8405 /* ExtensionViewController.swift in Sources */ = {isa = PBXBuildFile; fileRef = E9836F9928A25343008C8405 /* ExtensionViewController.swift */; };
		E9836F9E28A2588F008C8405 /* ProductListCell.xib in Resources */ = {isa = PBXBuildFile; fileRef = E9836F9C28A2588F008C8405 /* ProductListCell.xib */; };
		E9836F9F28A2588F008C8405 /* ProductListCell.swift in Sources */ = {isa = PBXBuildFile; fileRef = E9836F9D28A2588F008C8405 /* ProductListCell.swift */; };
		E9836FA128A25ED3008C8405 /* ImageExtension.swift in Sources */ = {isa = PBXBuildFile; fileRef = E9836FA028A25ED3008C8405 /* ImageExtension.swift */; };
		E9836FA328A27157008C8405 /* ProductDetailsController.swift in Sources */ = {isa = PBXBuildFile; fileRef = E9836FA228A27156008C8405 /* ProductDetailsController.swift */; };
		E9836FAB28A27F05008C8405 /* ProductImageCollectionViewCell.xib in Resources */ = {isa = PBXBuildFile; fileRef = E9836FA928A27F05008C8405 /* ProductImageCollectionViewCell.xib */; };
		E9836FAC28A27F05008C8405 /* ProductImageCollectionViewCell.swift in Sources */ = {isa = PBXBuildFile; fileRef = E9836FAA28A27F05008C8405 /* ProductImageCollectionViewCell.swift */; };
		E9836FAE28A27F45008C8405 /* ProductDetailsViewModel.swift in Sources */ = {isa = PBXBuildFile; fileRef = E9836FAD28A27F45008C8405 /* ProductDetailsViewModel.swift */; };
		E9836FB128A29075008C8405 /* ProductDetailsTableViewCell.swift in Sources */ = {isa = PBXBuildFile; fileRef = E9836FAF28A29075008C8405 /* ProductDetailsTableViewCell.swift */; };
		E9836FB228A29075008C8405 /* ProductDetailsTableViewCell.xib in Resources */ = {isa = PBXBuildFile; fileRef = E9836FB028A29075008C8405 /* ProductDetailsTableViewCell.xib */; };
/* End PBXBuildFile section */

/* Begin PBXFileReference section */
		E915229128A29E360069548B /* ProductDetails+CoreDataClass.swift */ = {isa = PBXFileReference; lastKnownFileType = sourcecode.swift; path = "ProductDetails+CoreDataClass.swift"; sourceTree = "<group>"; };
		E915229228A29E360069548B /* ProductDetails+CoreDataProperties.swift */ = {isa = PBXFileReference; lastKnownFileType = sourcecode.swift; path = "ProductDetails+CoreDataProperties.swift"; sourceTree = "<group>"; };
		E915229528A29E7C0069548B /* DatabaseHelper.swift */ = {isa = PBXFileReference; fileEncoding = 4; lastKnownFileType = sourcecode.swift; path = DatabaseHelper.swift; sourceTree = "<group>"; };
		E939FA3128AB6F3700DF5908 /* ResponseHandler+Extension.swift */ = {isa = PBXFileReference; fileEncoding = 4; lastKnownFileType = sourcecode.swift; path = "ResponseHandler+Extension.swift"; sourceTree = "<group>"; };
		E939FA3228AB6F3700DF5908 /* APIEnvironment.swift */ = {isa = PBXFileReference; fileEncoding = 4; lastKnownFileType = sourcecode.swift; path = APIEnvironment.swift; sourceTree = "<group>"; };
		E939FA3328AB6F3700DF5908 /* APILoader.swift */ = {isa = PBXFileReference; fileEncoding = 4; lastKnownFileType = sourcecode.swift; path = APILoader.swift; sourceTree = "<group>"; };
		E939FA3428AB6F3700DF5908 /* RequestHandler+Extension.swift */ = {isa = PBXFileReference; fileEncoding = 4; lastKnownFileType = sourcecode.swift; path = "RequestHandler+Extension.swift"; sourceTree = "<group>"; };
		E939FA3528AB6F3700DF5908 /* APIHandler.swift */ = {isa = PBXFileReference; fileEncoding = 4; lastKnownFileType = sourcecode.swift; path = APIHandler.swift; sourceTree = "<group>"; };
		E939FA3628AB6F3700DF5908 /* APIPath.swift */ = {isa = PBXFileReference; fileEncoding = 4; lastKnownFileType = sourcecode.swift; path = APIPath.swift; sourceTree = "<group>"; };
		E939FA3F28AB9DCB00DF5908 /* ProductListApi.swift */ = {isa = PBXFileReference; lastKnownFileType = sourcecode.swift; path = ProductListApi.swift; sourceTree = "<group>"; };
		E939FA4128AB9E0100DF5908 /* ProductDetailsApi.swift */ = {isa = PBXFileReference; lastKnownFileType = sourcecode.swift; path = ProductDetailsApi.swift; sourceTree = "<group>"; };
		E9836F6328A23588008C8405 /* Assignment.app */ = {isa = PBXFileReference; explicitFileType = wrapper.application; includeInIndex = 0; path = Assignment.app; sourceTree = BUILT_PRODUCTS_DIR; };
		E9836F6628A23588008C8405 /* AppDelegate.swift */ = {isa = PBXFileReference; lastKnownFileType = sourcecode.swift; path = AppDelegate.swift; sourceTree = "<group>"; };
		E9836F6828A23588008C8405 /* SceneDelegate.swift */ = {isa = PBXFileReference; lastKnownFileType = sourcecode.swift; path = SceneDelegate.swift; sourceTree = "<group>"; };
		E9836F6D28A23588008C8405 /* Base */ = {isa = PBXFileReference; lastKnownFileType = file.storyboard; name = Base; path = Base.lproj/Main.storyboard; sourceTree = "<group>"; };
		E9836F7028A23588008C8405 /* Assignment.xcdatamodel */ = {isa = PBXFileReference; lastKnownFileType = wrapper.xcdatamodel; path = Assignment.xcdatamodel; sourceTree = "<group>"; };
		E9836F7228A2358A008C8405 /* Assets.xcassets */ = {isa = PBXFileReference; lastKnownFileType = folder.assetcatalog; path = Assets.xcassets; sourceTree = "<group>"; };
		E9836F7528A2358A008C8405 /* Base */ = {isa = PBXFileReference; lastKnownFileType = file.storyboard; name = Base; path = Base.lproj/LaunchScreen.storyboard; sourceTree = "<group>"; };
		E9836F7728A2358A008C8405 /* Info.plist */ = {isa = PBXFileReference; lastKnownFileType = text.plist.xml; path = Info.plist; sourceTree = "<group>"; };
		E9836F8528A236B6008C8405 /* Constant.swift */ = {isa = PBXFileReference; fileEncoding = 4; lastKnownFileType = sourcecode.swift; path = Constant.swift; sourceTree = "<group>"; };
		E9836F8728A23704008C8405 /* DataProduct.swift */ = {isa = PBXFileReference; fileEncoding = 4; lastKnownFileType = sourcecode.swift; path = DataProduct.swift; sourceTree = "<group>"; };
		E9836F8828A23704008C8405 /* DataProductDetailsModel.swift */ = {isa = PBXFileReference; fileEncoding = 4; lastKnownFileType = sourcecode.swift; path = DataProductDetailsModel.swift; sourceTree = "<group>"; };
		E9836F8928A23704008C8405 /* ProductListNew.swift */ = {isa = PBXFileReference; fileEncoding = 4; lastKnownFileType = sourcecode.swift; path = ProductListNew.swift; sourceTree = "<group>"; };
		E9836F8A28A23704008C8405 /* ProductDetailsModel.swift */ = {isa = PBXFileReference; fileEncoding = 4; lastKnownFileType = sourcecode.swift; path = ProductDetailsModel.swift; sourceTree = "<group>"; };
		E9836F8B28A23704008C8405 /* Product_images.swift */ = {isa = PBXFileReference; fileEncoding = 4; lastKnownFileType = sourcecode.swift; path = Product_images.swift; sourceTree = "<group>"; };
		E9836F9128A23755008C8405 /* ProductListViewModel.swift */ = {isa = PBXFileReference; lastKnownFileType = sourcecode.swift; path = ProductListViewModel.swift; sourceTree = "<group>"; };
		E9836F9728A25239008C8405 /* ProductListController.swift */ = {isa = PBXFileReference; lastKnownFileType = sourcecode.swift; path = ProductListController.swift; sourceTree = "<group>"; };
		E9836F9928A25343008C8405 /* ExtensionViewController.swift */ = {isa = PBXFileReference; fileEncoding = 4; lastKnownFileType = sourcecode.swift; path = ExtensionViewController.swift; sourceTree = "<group>"; };
		E9836F9C28A2588F008C8405 /* ProductListCell.xib */ = {isa = PBXFileReference; fileEncoding = 4; lastKnownFileType = file.xib; path = ProductListCell.xib; sourceTree = "<group>"; };
		E9836F9D28A2588F008C8405 /* ProductListCell.swift */ = {isa = PBXFileReference; fileEncoding = 4; lastKnownFileType = sourcecode.swift; path = ProductListCell.swift; sourceTree = "<group>"; };
		E9836FA028A25ED3008C8405 /* ImageExtension.swift */ = {isa = PBXFileReference; lastKnownFileType = sourcecode.swift; path = ImageExtension.swift; sourceTree = "<group>"; };
		E9836FA228A27156008C8405 /* ProductDetailsController.swift */ = {isa = PBXFileReference; lastKnownFileType = sourcecode.swift; path = ProductDetailsController.swift; sourceTree = "<group>"; };
		E9836FA928A27F05008C8405 /* ProductImageCollectionViewCell.xib */ = {isa = PBXFileReference; fileEncoding = 4; lastKnownFileType = file.xib; path = ProductImageCollectionViewCell.xib; sourceTree = "<group>"; };
		E9836FAA28A27F05008C8405 /* ProductImageCollectionViewCell.swift */ = {isa = PBXFileReference; fileEncoding = 4; lastKnownFileType = sourcecode.swift; path = ProductImageCollectionViewCell.swift; sourceTree = "<group>"; };
		E9836FAD28A27F45008C8405 /* ProductDetailsViewModel.swift */ = {isa = PBXFileReference; lastKnownFileType = sourcecode.swift; path = ProductDetailsViewModel.swift; sourceTree = "<group>"; };
		E9836FAF28A29075008C8405 /* ProductDetailsTableViewCell.swift */ = {isa = PBXFileReference; fileEncoding = 4; lastKnownFileType = sourcecode.swift; path = ProductDetailsTableViewCell.swift; sourceTree = "<group>"; };
		E9836FB028A29075008C8405 /* ProductDetailsTableViewCell.xib */ = {isa = PBXFileReference; fileEncoding = 4; lastKnownFileType = file.xib; path = ProductDetailsTableViewCell.xib; sourceTree = "<group>"; };
/* End PBXFileReference section */

/* Begin PBXFrameworksBuildPhase section */
		E9836F6028A23588008C8405 /* Frameworks */ = {
			isa = PBXFrameworksBuildPhase;
			buildActionMask = 2147483647;
			files = (
				E915228B28A29AE70069548B /* Kingfisher in Frameworks */,
			);
			runOnlyForDeploymentPostprocessing = 0;
		};
/* End PBXFrameworksBuildPhase section */

/* Begin PBXGroup section */
		E915229028A29DBD0069548B /* DataHelper */ = {
			isa = PBXGroup;
			children = (
				E915229528A29E7C0069548B /* DatabaseHelper.swift */,
				E915229128A29E360069548B /* ProductDetails+CoreDataClass.swift */,
				E915229228A29E360069548B /* ProductDetails+CoreDataProperties.swift */,
			);
			path = DataHelper;
			sourceTree = "<group>";
		};
		E939FA3028AB6F3700DF5908 /* Networking */ = {
			isa = PBXGroup;
			children = (
				E939FA3128AB6F3700DF5908 /* ResponseHandler+Extension.swift */,
				E939FA3228AB6F3700DF5908 /* APIEnvironment.swift */,
				E939FA3328AB6F3700DF5908 /* APILoader.swift */,
				E939FA3428AB6F3700DF5908 /* RequestHandler+Extension.swift */,
				E939FA3528AB6F3700DF5908 /* APIHandler.swift */,
				E939FA3628AB6F3700DF5908 /* APIPath.swift */,
			);
			path = Networking;
			sourceTree = "<group>";
		};
		E9836F5A28A23588008C8405 = {
			isa = PBXGroup;
			children = (
				E9836F6528A23588008C8405 /* Assignment */,
				E9836F6428A23588008C8405 /* Products */,
			);
			sourceTree = "<group>";
		};
		E9836F6428A23588008C8405 /* Products */ = {
			isa = PBXGroup;
			children = (
				E9836F6328A23588008C8405 /* Assignment.app */,
			);
			name = Products;
			sourceTree = "<group>";
		};
		E9836F6528A23588008C8405 /* Assignment */ = {
			isa = PBXGroup;
			children = (
				E939FA3028AB6F3700DF5908 /* Networking */,
				E915229028A29DBD0069548B /* DataHelper */,
				E9836F9428A23991008C8405 /* Service */,
				E9836F8428A23618008C8405 /* Controller */,
				E9836F8228A23607008C8405 /* View */,
				E9836F8128A235FC008C8405 /* ViewModel */,
				E9836F8028A235F2008C8405 /* Model */,
				E9836F7E28A235CF008C8405 /* HelperClass */,
				E9836F7D28A235AE008C8405 /* Resource */,
				E9836F6C28A23588008C8405 /* Main.storyboard */,
				E9836F7228A2358A008C8405 /* Assets.xcassets */,
				E9836F7428A2358A008C8405 /* LaunchScreen.storyboard */,
				E9836F7728A2358A008C8405 /* Info.plist */,
				E9836F6F28A23588008C8405 /* Assignment.xcdatamodeld */,
			);
			path = Assignment;
			sourceTree = "<group>";
		};
		E9836F7D28A235AE008C8405 /* Resource */ = {
			isa = PBXGroup;
			children = (
				E9836F6628A23588008C8405 /* AppDelegate.swift */,
				E9836F6828A23588008C8405 /* SceneDelegate.swift */,
			);
			name = Resource;
			sourceTree = "<group>";
		};
		E9836F7E28A235CF008C8405 /* HelperClass */ = {
			isa = PBXGroup;
			children = (
				E9836F9928A25343008C8405 /* ExtensionViewController.swift */,
				E9836F8528A236B6008C8405 /* Constant.swift */,
				E9836FA028A25ED3008C8405 /* ImageExtension.swift */,
			);
			path = HelperClass;
			sourceTree = "<group>";
		};
		E9836F8028A235F2008C8405 /* Model */ = {
			isa = PBXGroup;
			children = (
				E9836F8928A23704008C8405 /* ProductListNew.swift */,
				E9836F8728A23704008C8405 /* DataProduct.swift */,
				E9836F8828A23704008C8405 /* DataProductDetailsModel.swift */,
				E9836F8B28A23704008C8405 /* Product_images.swift */,
				E9836F8A28A23704008C8405 /* ProductDetailsModel.swift */,
			);
			path = Model;
			sourceTree = "<group>";
		};
		E9836F8128A235FC008C8405 /* ViewModel */ = {
			isa = PBXGroup;
			children = (
				E9836F9128A23755008C8405 /* ProductListViewModel.swift */,
				E9836FAD28A27F45008C8405 /* ProductDetailsViewModel.swift */,
			);
			name = ViewModel;
			sourceTree = "<group>";
		};
		E9836F8228A23607008C8405 /* View */ = {
			isa = PBXGroup;
			children = (
				E9836FA828A27F05008C8405 /* CollectionViewCell */,
				E9836F9B28A2588F008C8405 /* TableviewCell */,
			);
			path = View;
			sourceTree = "<group>";
		};
		E9836F8428A23618008C8405 /* Controller */ = {
			isa = PBXGroup;
			children = (
				E9836F9728A25239008C8405 /* ProductListController.swift */,
				E9836FA228A27156008C8405 /* ProductDetailsController.swift */,
			);
			name = Controller;
			sourceTree = "<group>";
		};
		E9836F9428A23991008C8405 /* Service */ = {
			isa = PBXGroup;
			children = (
				E939FA3F28AB9DCB00DF5908 /* ProductListApi.swift */,
				E939FA4128AB9E0100DF5908 /* ProductDetailsApi.swift */,
			);
			path = Service;
			sourceTree = "<group>";
		};
		E9836F9B28A2588F008C8405 /* TableviewCell */ = {
			isa = PBXGroup;
			children = (
				E9836F9C28A2588F008C8405 /* ProductListCell.xib */,
				E9836F9D28A2588F008C8405 /* ProductListCell.swift */,
				E9836FAF28A29075008C8405 /* ProductDetailsTableViewCell.swift */,
				E9836FB028A29075008C8405 /* ProductDetailsTableViewCell.xib */,
			);
			path = TableviewCell;
			sourceTree = "<group>";
		};
		E9836FA828A27F05008C8405 /* CollectionViewCell */ = {
			isa = PBXGroup;
			children = (
				E9836FA928A27F05008C8405 /* ProductImageCollectionViewCell.xib */,
				E9836FAA28A27F05008C8405 /* ProductImageCollectionViewCell.swift */,
			);
			path = CollectionViewCell;
			sourceTree = "<group>";
		};
/* End PBXGroup section */

/* Begin PBXNativeTarget section */
		E9836F6228A23588008C8405 /* Assignment */ = {
			isa = PBXNativeTarget;
			buildConfigurationList = E9836F7A28A2358A008C8405 /* Build configuration list for PBXNativeTarget "Assignment" */;
			buildPhases = (
				E9836F5F28A23588008C8405 /* Sources */,
				E9836F6028A23588008C8405 /* Frameworks */,
				E9836F6128A23588008C8405 /* Resources */,
			);
			buildRules = (
			);
			dependencies = (
			);
			name = Assignment;
			packageProductDependencies = (
				E915228A28A29AE70069548B /* Kingfisher */,
			);
			productName = Assignment;
			productReference = E9836F6328A23588008C8405 /* Assignment.app */;
			productType = "com.apple.product-type.application";
		};
/* End PBXNativeTarget section */

/* Begin PBXProject section */
		E9836F5B28A23588008C8405 /* Project object */ = {
			isa = PBXProject;
			attributes = {
				BuildIndependentTargetsInParallel = 1;
				LastSwiftUpdateCheck = 1340;
				LastUpgradeCheck = 1340;
				TargetAttributes = {
					E9836F6228A23588008C8405 = {
						CreatedOnToolsVersion = 13.4.1;
					};
				};
			};
			buildConfigurationList = E9836F5E28A23588008C8405 /* Build configuration list for PBXProject "Assignment" */;
			compatibilityVersion = "Xcode 13.0";
			developmentRegion = en;
			hasScannedForEncodings = 0;
			knownRegions = (
				en,
				Base,
			);
			mainGroup = E9836F5A28A23588008C8405;
			packageReferences = (
				E915228928A29AE70069548B /* XCRemoteSwiftPackageReference "Kingfisher" */,
			);
			productRefGroup = E9836F6428A23588008C8405 /* Products */;
			projectDirPath = "";
			projectRoot = "";
			targets = (
				E9836F6228A23588008C8405 /* Assignment */,
			);
		};
/* End PBXProject section */

/* Begin PBXResourcesBuildPhase section */
		E9836F6128A23588008C8405 /* Resources */ = {
			isa = PBXResourcesBuildPhase;
			buildActionMask = 2147483647;
			files = (
				E9836F7628A2358A008C8405 /* LaunchScreen.storyboard in Resources */,
				E9836F9E28A2588F008C8405 /* ProductListCell.xib in Resources */,
				E9836FB228A29075008C8405 /* ProductDetailsTableViewCell.xib in Resources */,
				E9836F7328A2358A008C8405 /* Assets.xcassets in Resources */,
				E9836F6E28A23588008C8405 /* Main.storyboard in Resources */,
				E9836FAB28A27F05008C8405 /* ProductImageCollectionViewCell.xib in Resources */,
			);
			runOnlyForDeploymentPostprocessing = 0;
		};
/* End PBXResourcesBuildPhase section */

/* Begin PBXSourcesBuildPhase section */
		E9836F5F28A23588008C8405 /* Sources */ = {
			isa = PBXSourcesBuildPhase;
			buildActionMask = 2147483647;
			files = (
				E9836F9228A23755008C8405 /* ProductListViewModel.swift in Sources */,
				E9836FAC28A27F05008C8405 /* ProductImageCollectionViewCell.swift in Sources */,
				E9836F7128A23588008C8405 /* Assignment.xcdatamodeld in Sources */,
				E939FA3728AB6F3700DF5908 /* ResponseHandler+Extension.swift in Sources */,
				E9836F8D28A23705008C8405 /* DataProductDetailsModel.swift in Sources */,
				E9836F9828A25239008C8405 /* ProductListController.swift in Sources */,
				E9836FB128A29075008C8405 /* ProductDetailsTableViewCell.swift in Sources */,
				E939FA3928AB6F3700DF5908 /* APILoader.swift in Sources */,
				E9836FA328A27157008C8405 /* ProductDetailsController.swift in Sources */,
				E9836F8628A236B6008C8405 /* Constant.swift in Sources */,
				E939FA3C28AB6F3700DF5908 /* APIPath.swift in Sources */,
				E9836F8C28A23705008C8405 /* DataProduct.swift in Sources */,
				E9836F6728A23588008C8405 /* AppDelegate.swift in Sources */,
				E9836F8E28A23705008C8405 /* ProductListNew.swift in Sources */,
				E9836FAE28A27F45008C8405 /* ProductDetailsViewModel.swift in Sources */,
				E939FA3B28AB6F3700DF5908 /* APIHandler.swift in Sources */,
				E939FA4028AB9DCB00DF5908 /* ProductListApi.swift in Sources */,
				E939FA3828AB6F3700DF5908 /* APIEnvironment.swift in Sources */,
				E939FA3A28AB6F3700DF5908 /* RequestHandler+Extension.swift in Sources */,
				E9836F9F28A2588F008C8405 /* ProductListCell.swift in Sources */,
				E915229628A29E7C0069548B /* DatabaseHelper.swift in Sources */,
				E9836F6928A23588008C8405 /* SceneDelegate.swift in Sources */,
				E9836F8F28A23705008C8405 /* ProductDetailsModel.swift in Sources */,
				E915229328A29E360069548B /* ProductDetails+CoreDataClass.swift in Sources */,
				E9836F9A28A25343008C8405 /* ExtensionViewController.swift in Sources */,
				E915229428A29E360069548B /* ProductDetails+CoreDataProperties.swift in Sources */,
				E939FA4228AB9E0100DF5908 /* ProductDetailsApi.swift in Sources */,
				E9836FA128A25ED3008C8405 /* ImageExtension.swift in Sources */,
				E9836F9028A23705008C8405 /* Product_images.swift in Sources */,
			);
			runOnlyForDeploymentPostprocessing = 0;
		};
/* End PBXSourcesBuildPhase section */

/* Begin PBXVariantGroup section */
		E9836F6C28A23588008C8405 /* Main.storyboard */ = {
			isa = PBXVariantGroup;
			children = (
				E9836F6D28A23588008C8405 /* Base */,
			);
			name = Main.storyboard;
			sourceTree = "<group>";
		};
		E9836F7428A2358A008C8405 /* LaunchScreen.storyboard */ = {
			isa = PBXVariantGroup;
			children = (
				E9836F7528A2358A008C8405 /* Base */,
			);
			name = LaunchScreen.storyboard;
			sourceTree = "<group>";
		};
/* End PBXVariantGroup section */

/* Begin XCBuildConfiguration section */
		E9836F7828A2358A008C8405 /* Debug */ = {
			isa = XCBuildConfiguration;
			buildSettings = {
				ALWAYS_SEARCH_USER_PATHS = NO;
				CLANG_ANALYZER_NONNULL = YES;
				CLANG_ANALYZER_NUMBER_OBJECT_CONVERSION = YES_AGGRESSIVE;
				CLANG_CXX_LANGUAGE_STANDARD = "gnu++17";
				CLANG_ENABLE_MODULES = YES;
				CLANG_ENABLE_OBJC_ARC = YES;
				CLANG_ENABLE_OBJC_WEAK = YES;
				CLANG_WARN_BLOCK_CAPTURE_AUTORELEASING = YES;
				CLANG_WARN_BOOL_CONVERSION = YES;
				CLANG_WARN_COMMA = YES;
				CLANG_WARN_CONSTANT_CONVERSION = YES;
				CLANG_WARN_DEPRECATED_OBJC_IMPLEMENTATIONS = YES;
				CLANG_WARN_DIRECT_OBJC_ISA_USAGE = YES_ERROR;
				CLANG_WARN_DOCUMENTATION_COMMENTS = YES;
				CLANG_WARN_EMPTY_BODY = YES;
				CLANG_WARN_ENUM_CONVERSION = YES;
				CLANG_WARN_INFINITE_RECURSION = YES;
				CLANG_WARN_INT_CONVERSION = YES;
				CLANG_WARN_NON_LITERAL_NULL_CONVERSION = YES;
				CLANG_WARN_OBJC_IMPLICIT_RETAIN_SELF = YES;
				CLANG_WARN_OBJC_LITERAL_CONVERSION = YES;
				CLANG_WARN_OBJC_ROOT_CLASS = YES_ERROR;
				CLANG_WARN_QUOTED_INCLUDE_IN_FRAMEWORK_HEADER = YES;
				CLANG_WARN_RANGE_LOOP_ANALYSIS = YES;
				CLANG_WARN_STRICT_PROTOTYPES = YES;
				CLANG_WARN_SUSPICIOUS_MOVE = YES;
				CLANG_WARN_UNGUARDED_AVAILABILITY = YES_AGGRESSIVE;
				CLANG_WARN_UNREACHABLE_CODE = YES;
				CLANG_WARN__DUPLICATE_METHOD_MATCH = YES;
				COPY_PHASE_STRIP = NO;
				DEBUG_INFORMATION_FORMAT = dwarf;
				ENABLE_STRICT_OBJC_MSGSEND = YES;
				ENABLE_TESTABILITY = YES;
				GCC_C_LANGUAGE_STANDARD = gnu11;
				GCC_DYNAMIC_NO_PIC = NO;
				GCC_NO_COMMON_BLOCKS = YES;
				GCC_OPTIMIZATION_LEVEL = 0;
				GCC_PREPROCESSOR_DEFINITIONS = (
					"DEBUG=1",
					"$(inherited)",
				);
				GCC_WARN_64_TO_32_BIT_CONVERSION = YES;
				GCC_WARN_ABOUT_RETURN_TYPE = YES_ERROR;
				GCC_WARN_UNDECLARED_SELECTOR = YES;
				GCC_WARN_UNINITIALIZED_AUTOS = YES_AGGRESSIVE;
				GCC_WARN_UNUSED_FUNCTION = YES;
				GCC_WARN_UNUSED_VARIABLE = YES;
				IPHONEOS_DEPLOYMENT_TARGET = 15.5;
				MTL_ENABLE_DEBUG_INFO = INCLUDE_SOURCE;
				MTL_FAST_MATH = YES;
				ONLY_ACTIVE_ARCH = YES;
				SDKROOT = iphoneos;
				SWIFT_ACTIVE_COMPILATION_CONDITIONS = DEBUG;
				SWIFT_OPTIMIZATION_LEVEL = "-Onone";
			};
			name = Debug;
		};
		E9836F7928A2358A008C8405 /* Release */ = {
			isa = XCBuildConfiguration;
			buildSettings = {
				ALWAYS_SEARCH_USER_PATHS = NO;
				CLANG_ANALYZER_NONNULL = YES;
				CLANG_ANALYZER_NUMBER_OBJECT_CONVERSION = YES_AGGRESSIVE;
				CLANG_CXX_LANGUAGE_STANDARD = "gnu++17";
				CLANG_ENABLE_MODULES = YES;
				CLANG_ENABLE_OBJC_ARC = YES;
				CLANG_ENABLE_OBJC_WEAK = YES;
				CLANG_WARN_BLOCK_CAPTURE_AUTORELEASING = YES;
				CLANG_WARN_BOOL_CONVERSION = YES;
				CLANG_WARN_COMMA = YES;
				CLANG_WARN_CONSTANT_CONVERSION = YES;
				CLANG_WARN_DEPRECATED_OBJC_IMPLEMENTATIONS = YES;
				CLANG_WARN_DIRECT_OBJC_ISA_USAGE = YES_ERROR;
				CLANG_WARN_DOCUMENTATION_COMMENTS = YES;
				CLANG_WARN_EMPTY_BODY = YES;
				CLANG_WARN_ENUM_CONVERSION = YES;
				CLANG_WARN_INFINITE_RECURSION = YES;
				CLANG_WARN_INT_CONVERSION = YES;
				CLANG_WARN_NON_LITERAL_NULL_CONVERSION = YES;
				CLANG_WARN_OBJC_IMPLICIT_RETAIN_SELF = YES;
				CLANG_WARN_OBJC_LITERAL_CONVERSION = YES;
				CLANG_WARN_OBJC_ROOT_CLASS = YES_ERROR;
				CLANG_WARN_QUOTED_INCLUDE_IN_FRAMEWORK_HEADER = YES;
				CLANG_WARN_RANGE_LOOP_ANALYSIS = YES;
				CLANG_WARN_STRICT_PROTOTYPES = YES;
				CLANG_WARN_SUSPICIOUS_MOVE = YES;
				CLANG_WARN_UNGUARDED_AVAILABILITY = YES_AGGRESSIVE;
				CLANG_WARN_UNREACHABLE_CODE = YES;
				CLANG_WARN__DUPLICATE_METHOD_MATCH = YES;
				COPY_PHASE_STRIP = NO;
				DEBUG_INFORMATION_FORMAT = "dwarf-with-dsym";
				ENABLE_NS_ASSERTIONS = NO;
				ENABLE_STRICT_OBJC_MSGSEND = YES;
				GCC_C_LANGUAGE_STANDARD = gnu11;
				GCC_NO_COMMON_BLOCKS = YES;
				GCC_WARN_64_TO_32_BIT_CONVERSION = YES;
				GCC_WARN_ABOUT_RETURN_TYPE = YES_ERROR;
				GCC_WARN_UNDECLARED_SELECTOR = YES;
				GCC_WARN_UNINITIALIZED_AUTOS = YES_AGGRESSIVE;
				GCC_WARN_UNUSED_FUNCTION = YES;
				GCC_WARN_UNUSED_VARIABLE = YES;
				IPHONEOS_DEPLOYMENT_TARGET = 15.5;
				MTL_ENABLE_DEBUG_INFO = NO;
				MTL_FAST_MATH = YES;
				SDKROOT = iphoneos;
				SWIFT_COMPILATION_MODE = wholemodule;
				SWIFT_OPTIMIZATION_LEVEL = "-O";
				VALIDATE_PRODUCT = YES;
			};
			name = Release;
		};
		E9836F7B28A2358A008C8405 /* Debug */ = {
			isa = XCBuildConfiguration;
			buildSettings = {
				ASSETCATALOG_COMPILER_APPICON_NAME = AppIcon;
				ASSETCATALOG_COMPILER_GLOBAL_ACCENT_COLOR_NAME = AccentColor;
				CODE_SIGN_STYLE = Automatic;
				CURRENT_PROJECT_VERSION = 1;
				GENERATE_INFOPLIST_FILE = YES;
				INFOPLIST_FILE = Assignment/Info.plist;
				INFOPLIST_KEY_UIApplicationSupportsIndirectInputEvents = YES;
				INFOPLIST_KEY_UILaunchStoryboardName = LaunchScreen;
				INFOPLIST_KEY_UIMainStoryboardFile = Main;
				INFOPLIST_KEY_UISupportedInterfaceOrientations_iPad = "UIInterfaceOrientationPortrait UIInterfaceOrientationPortraitUpsideDown UIInterfaceOrientationLandscapeLeft UIInterfaceOrientationLandscapeRight";
				INFOPLIST_KEY_UISupportedInterfaceOrientations_iPhone = "UIInterfaceOrientationPortrait UIInterfaceOrientationLandscapeLeft UIInterfaceOrientationLandscapeRight";
				LD_RUNPATH_SEARCH_PATHS = (
					"$(inherited)",
					"@executable_path/Frameworks",
				);
				MARKETING_VERSION = 1.0;
				PRODUCT_BUNDLE_IDENTIFIER = com.demo.Assignment;
				PRODUCT_NAME = "$(TARGET_NAME)";
				SWIFT_EMIT_LOC_STRINGS = YES;
				SWIFT_VERSION = 5.0;
				TARGETED_DEVICE_FAMILY = 1;
			};
			name = Debug;
		};
		E9836F7C28A2358A008C8405 /* Release */ = {
			isa = XCBuildConfiguration;
			buildSettings = {
				ASSETCATALOG_COMPILER_APPICON_NAME = AppIcon;
				ASSETCATALOG_COMPILER_GLOBAL_ACCENT_COLOR_NAME = AccentColor;
				CODE_SIGN_STYLE = Automatic;
				CURRENT_PROJECT_VERSION = 1;
				GENERATE_INFOPLIST_FILE = YES;
				INFOPLIST_FILE = Assignment/Info.plist;
				INFOPLIST_KEY_UIApplicationSupportsIndirectInputEvents = YES;
				INFOPLIST_KEY_UILaunchStoryboardName = LaunchScreen;
				INFOPLIST_KEY_UIMainStoryboardFile = Main;
				INFOPLIST_KEY_UISupportedInterfaceOrientations_iPad = "UIInterfaceOrientationPortrait UIInterfaceOrientationPortraitUpsideDown UIInterfaceOrientationLandscapeLeft UIInterfaceOrientationLandscapeRight";
				INFOPLIST_KEY_UISupportedInterfaceOrientations_iPhone = "UIInterfaceOrientationPortrait UIInterfaceOrientationLandscapeLeft UIInterfaceOrientationLandscapeRight";
				LD_RUNPATH_SEARCH_PATHS = (
					"$(inherited)",
					"@executable_path/Frameworks",
				);
				MARKETING_VERSION = 1.0;
				PRODUCT_BUNDLE_IDENTIFIER = com.demo.Assignment;
				PRODUCT_NAME = "$(TARGET_NAME)";
				SWIFT_EMIT_LOC_STRINGS = YES;
				SWIFT_VERSION = 5.0;
				TARGETED_DEVICE_FAMILY = 1;
			};
			name = Release;
		};
/* End XCBuildConfiguration section */

/* Begin XCConfigurationList section */
		E9836F5E28A23588008C8405 /* Build configuration list for PBXProject "Assignment" */ = {
			isa = XCConfigurationList;
			buildConfigurations = (
				E9836F7828A2358A008C8405 /* Debug */,
				E9836F7928A2358A008C8405 /* Release */,
			);
			defaultConfigurationIsVisible = 0;
			defaultConfigurationName = Release;
		};
		E9836F7A28A2358A008C8405 /* Build configuration list for PBXNativeTarget "Assignment" */ = {
			isa = XCConfigurationList;
			buildConfigurations = (
				E9836F7B28A2358A008C8405 /* Debug */,
				E9836F7C28A2358A008C8405 /* Release */,
			);
			defaultConfigurationIsVisible = 0;
			defaultConfigurationName = Release;
		};
/* End XCConfigurationList section */

/* Begin XCRemoteSwiftPackageReference section */
		E915228928A29AE70069548B /* XCRemoteSwiftPackageReference "Kingfisher" */ = {
			isa = XCRemoteSwiftPackageReference;
			repositoryURL = "https://github.com/onevcat/Kingfisher.git";
			requirement = {
				branch = master;
				kind = branch;
			};
		};
/* End XCRemoteSwiftPackageReference section */

/* Begin XCSwiftPackageProductDependency section */
		E915228A28A29AE70069548B /* Kingfisher */ = {
			isa = XCSwiftPackageProductDependency;
			package = E915228928A29AE70069548B /* XCRemoteSwiftPackageReference "Kingfisher" */;
			productName = Kingfisher;
		};
/* End XCSwiftPackageProductDependency section */

/* Begin XCVersionGroup section */
		E9836F6F28A23588008C8405 /* Assignment.xcdatamodeld */ = {
			isa = XCVersionGroup;
			children = (
				E9836F7028A23588008C8405 /* Assignment.xcdatamodel */,
			);
			currentVersion = E9836F7028A23588008C8405 /* Assignment.xcdatamodel */;
			path = Assignment.xcdatamodeld;
			sourceTree = "<group>";
			versionGroupType = wrapper.xcdatamodel;
		};
/* End XCVersionGroup section */
	};
	rootObject = E9836F5B28A23588008C8405 /* Project object */;
}
